
Microsoft Visual Studio Solution File, Format Version 12.00
# Visual Studio Version 17
VisualStudioVersion = 17.6.33712.159
MinimumVisualStudioVersion = 10.0.40219.1
Project("{FAE04EC0-301F-11D3-BF4B-00C04F79EFBC}") = "SistemaInventarioV6", "SistemaInventarioV6\SistemaInventarioV6.csproj", "{074DE30F-604E-4CA0-A9AC-F131F0A61C7E}"
EndProject
Global
	GlobalSection(SolutionConfigurationPlatforms) = preSolution
		Debug|Any CPU = Debug|Any CPU
		Release|Any CPU = Release|Any CPU
	EndGlobalSection
	GlobalSection(ProjectConfigurationPlatforms) = postSolution
		{074DE30F-604E-4CA0-A9AC-F131F0A61C7E}.Debug|Any CPU.ActiveCfg = Debug|Any CPU
		{074DE30F-604E-4CA0-A9AC-F131F0A61C7E}.Debug|Any CPU.Build.0 = Debug|Any CPU
		{074DE30F-604E-4CA0-A9AC-F131F0A61C7E}.Release|Any CPU.ActiveCfg = Release|Any CPU
		{074DE30F-604E-4CA0-A9AC-F131F0A61C7E}.Release|Any CPU.Build.0 = Release|Any CPU
	EndGlobalSection
	GlobalSection(SolutionProperties) = preSolution
		HideSolutionNode = FALSE
	EndGlobalSection
	GlobalSection(ExtensibilityGlobals) = postSolution
		SolutionGuid = {3D08D36C-2EB7-4A68-9D17-51D22B75AA7A}
	EndGlobalSection
EndGlobal
